
Microsoft Visual Studio Solution File, Format Version 12.00
# Visual Studio Version 17
VisualStudioVersion = 17.0.31903.59
MinimumVisualStudioVersion = 10.0.40219.1
Project("{2150E333-8FDC-42A3-9474-1A3956D46DE8}") = "src", "src", "{962F93C7-89DD-4B1B-8D6A-3F1551F7D12A}"
EndProject
Project("{FAE04EC0-301F-11D3-BF4B-00C04F79EFBC}") = "DnnMigration.Domain", "src\DnnMigration.Domain\DnnMigration.Domain.csproj", "{81F4B7FD-1D43-4068-B42C-8871CCEF42DF}"
EndProject
Project("{FAE04EC0-301F-11D3-BF4B-00C04F79EFBC}") = "DnnMigration.Application", "src\DnnMigration.Application\DnnMigration.Application.csproj", "{9F4D9B36-EF42-4279-827E-372E235F4F6C}"
EndProject
Project("{FAE04EC0-301F-11D3-BF4B-00C04F79EFBC}") = "DnnMigration.Infrastructure", "src\DnnMigration.Infrastructure\DnnMigration.Infrastructure.csproj", "{407989C9-6AC4-4D8A-BCD7-3644C824E4D8}"
EndProject
Project("{FAE04EC0-301F-11D3-BF4B-00C04F79EFBC}") = "DnnMigration.Api", "src\DnnMigration.Api\DnnMigration.Api.csproj", "{2C36FAB2-5EFD-4764-8094-A11EB452E62C}"
EndProject
Project("{2150E333-8FDC-42A3-9474-1A3956D46DE8}") = "tests", "tests", "{C1DCA275-34C9-41BF-9733-8563D9046E06}"
EndProject
Project("{FAE04EC0-301F-11D3-BF4B-00C04F79EFBC}") = "DnnMigration.UnitTests", "tests\DnnMigration.UnitTests\DnnMigration.UnitTests.csproj", "{B50A2275-5AB1-4781-83DB-DC562CD0345C}"
EndProject
Project("{FAE04EC0-301F-11D3-BF4B-00C04F79EFBC}") = "DnnMigration.IntegrationTests", "tests\DnnMigration.IntegrationTests\DnnMigration.IntegrationTests.csproj", "{8ECC396B-4A2C-4C47-8F4D-25E154316256}"
EndProject
Global
	GlobalSection(SolutionConfigurationPlatforms) = preSolution
		Debug|Any CPU = Debug|Any CPU
		Release|Any CPU = Release|Any CPU
	EndGlobalSection
	GlobalSection(SolutionProperties) = preSolution
		HideSolutionNode = FALSE
	EndGlobalSection
	GlobalSection(ProjectConfigurationPlatforms) = postSolution
		{81F4B7FD-1D43-4068-B42C-8871CCEF42DF}.Debug|Any CPU.ActiveCfg = Debug|Any CPU
		{81F4B7FD-1D43-4068-B42C-8871CCEF42DF}.Debug|Any CPU.Build.0 = Debug|Any CPU
		{81F4B7FD-1D43-4068-B42C-8871CCEF42DF}.Release|Any CPU.ActiveCfg = Release|Any CPU
		{81F4B7FD-1D43-4068-B42C-8871CCEF42DF}.Release|Any CPU.Build.0 = Release|Any CPU
		{9F4D9B36-EF42-4279-827E-372E235F4F6C}.Debug|Any CPU.ActiveCfg = Debug|Any CPU
		{9F4D9B36-EF42-4279-827E-372E235F4F6C}.Debug|Any CPU.Build.0 = Debug|Any CPU
		{9F4D9B36-EF42-4279-827E-372E235F4F6C}.Release|Any CPU.ActiveCfg = Release|Any CPU
		{9F4D9B36-EF42-4279-827E-372E235F4F6C}.Release|Any CPU.Build.0 = Release|Any CPU
		{407989C9-6AC4-4D8A-BCD7-3644C824E4D8}.Debug|Any CPU.ActiveCfg = Debug|Any CPU
		{407989C9-6AC4-4D8A-BCD7-3644C824E4D8}.Debug|Any CPU.Build.0 = Debug|Any CPU
		{407989C9-6AC4-4D8A-BCD7-3644C824E4D8}.Release|Any CPU.ActiveCfg = Release|Any CPU
		{407989C9-6AC4-4D8A-BCD7-3644C824E4D8}.Release|Any CPU.Build.0 = Release|Any CPU
		{2C36FAB2-5EFD-4764-8094-A11EB452E62C}.Debug|Any CPU.ActiveCfg = Debug|Any CPU
		{2C36FAB2-5EFD-4764-8094-A11EB452E62C}.Debug|Any CPU.Build.0 = Debug|Any CPU
		{2C36FAB2-5EFD-4764-8094-A11EB452E62C}.Release|Any CPU.ActiveCfg = Release|Any CPU
		{2C36FAB2-5EFD-4764-8094-A11EB452E62C}.Release|Any CPU.Build.0 = Release|Any CPU
		{B50A2275-5AB1-4781-83DB-DC562CD0345C}.Debug|Any CPU.ActiveCfg = Debug|Any CPU
		{B50A2275-5AB1-4781-83DB-DC562CD0345C}.Debug|Any CPU.Build.0 = Debug|Any CPU
		{B50A2275-5AB1-4781-83DB-DC562CD0345C}.Release|Any CPU.ActiveCfg = Release|Any CPU
		{B50A2275-5AB1-4781-83DB-DC562CD0345C}.Release|Any CPU.Build.0 = Release|Any CPU
		{8ECC396B-4A2C-4C47-8F4D-25E154316256}.Debug|Any CPU.ActiveCfg = Debug|Any CPU
		{8ECC396B-4A2C-4C47-8F4D-25E154316256}.Debug|Any CPU.Build.0 = Debug|Any CPU
		{8ECC396B-4A2C-4C47-8F4D-25E154316256}.Release|Any CPU.ActiveCfg = Release|Any CPU
		{8ECC396B-4A2C-4C47-8F4D-25E154316256}.Release|Any CPU.Build.0 = Release|Any CPU
	EndGlobalSection
	GlobalSection(NestedProjects) = preSolution
		{81F4B7FD-1D43-4068-B42C-8871CCEF42DF} = {962F93C7-89DD-4B1B-8D6A-3F1551F7D12A}
		{9F4D9B36-EF42-4279-827E-372E235F4F6C} = {962F93C7-89DD-4B1B-8D6A-3F1551F7D12A}
		{407989C9-6AC4-4D8A-BCD7-3644C824E4D8} = {962F93C7-89DD-4B1B-8D6A-3F1551F7D12A}
		{2C36FAB2-5EFD-4764-8094-A11EB452E62C} = {962F93C7-89DD-4B1B-8D6A-3F1551F7D12A}
		{B50A2275-5AB1-4781-83DB-DC562CD0345C} = {C1DCA275-34C9-41BF-9733-8563D9046E06}
		{8ECC396B-4A2C-4C47-8F4D-25E154316256} = {C1DCA275-34C9-41BF-9733-8563D9046E06}
	EndGlobalSection
EndGlobal
